
Microsoft Visual Studio Solution File, Format Version 12.00
# Visual Studio 15
VisualStudioVersion = 15.0.27703.2042
MinimumVisualStudioVersion = 10.0.40219.1
Project("{FAE04EC0-301F-11D3-BF4B-00C04F79EFBC}") = "ConsoleAnimations", "ConsoleAnimations\ConsoleAnimations.csproj", "{957FC4DA-AA21-49C1-9663-12B0BCD36537}"
EndProject
Global
	GlobalSection(SolutionConfigurationPlatforms) = preSolution
		Debug|Any CPU = Debug|Any CPU
		Release|Any CPU = Release|Any CPU
	EndGlobalSection
	GlobalSection(ProjectConfigurationPlatforms) = postSolution
		{957FC4DA-AA21-49C1-9663-12B0BCD36537}.Debug|Any CPU.ActiveCfg = Debug|Any CPU
		{957FC4DA-AA21-49C1-9663-12B0BCD36537}.Debug|Any CPU.Build.0 = Debug|Any CPU
		{957FC4DA-AA21-49C1-9663-12B0BCD36537}.Release|Any CPU.ActiveCfg = Release|Any CPU
		{957FC4DA-AA21-49C1-9663-12B0BCD36537}.Release|Any CPU.Build.0 = Release|Any CPU
	EndGlobalSection
	GlobalSection(SolutionProperties) = preSolution
		HideSolutionNode = FALSE
	EndGlobalSection
	GlobalSection(ExtensibilityGlobals) = postSolution
		SolutionGuid = {FFFA563D-1BD8-4479-B60F-240B61E074BB}
	EndGlobalSection
EndGlobal
